// !$*UTF8*$!
{
	archiveVersion = 1;
	classes = {
	};
	objectVersion = 54;
	objects = {

/* Begin PBXBuildFile section */
		0CF7260A48495BC0E4B1617F /* CaptainAppTests.swift in Sources */ = {isa = PBXBuildFile; fileRef = D24EDBF3FDF93768E72820D2 /* CaptainAppTests.swift */; };
		1018A6DD0539CA137F9AACD0 /* HomeState.swift in Sources */ = {isa = PBXBuildFile; fileRef = EE6F4928AE52C85172C75BA3 /* HomeState.swift */; };
		3362C24FA7CEFD94F53EDC6E /* RideHistory.swift in Sources */ = {isa = PBXBuildFile; fileRef = 28383ABEEF623538010C709E /* RideHistory.swift */; };
		408CC84717EEB0F364C507BB /* CaptainAppApp.swift in Sources */ = {isa = PBXBuildFile; fileRef = AD7BB077B28BCB6092D37B30 /* CaptainAppApp.swift */; };
		40CCA1C43012B8E162880374 /* AppLanguageSettings.swift in Sources */ = {isa = PBXBuildFile; fileRef = AE7460AB504E94543865D908 /* AppLanguageSettings.swift */; };
		42F02860E9FFCDC0B8356AE0 /* api_constants.swift in Sources */ = {isa = PBXBuildFile; fileRef = 14CB3F76D346E0C1B2B786B0 /* api_constants.swift */; };
		4622784B694F3DEC72C88101 /* AuthViewModel.swift in Sources */ = {isa = PBXBuildFile; fileRef = 1DB100408B17FE8F5CF90A97 /* AuthViewModel.swift */; };
		4B8DE48403BAECF7F168CC66 /* RegisterScreen.swift in Sources */ = {isa = PBXBuildFile; fileRef = 4BC622FFCB303130A981B995 /* RegisterScreen.swift */; };
		6F61F450E82A1E431A57BDC1 /* CaptainAppUITests.swift in Sources */ = {isa = PBXBuildFile; fileRef = 85BA0091E129129B215C752C /* CaptainAppUITests.swift */; };
		6FA6936950B481EE2E42BB30 /* ContentView.swift in Sources */ = {isa = PBXBuildFile; fileRef = DE06CFFF2C1DB754B4D5FB86 /* ContentView.swift */; };
		867539E511DB6A0EFD1F98E7 /* AuthViewModel.swift in Sources */ = {isa = PBXBuildFile; fileRef = 45550FA22E690768CB63D623 /* AuthViewModel.swift */; };
		899F9F30E96B8C07942201B5 /* home.swift in Sources */ = {isa = PBXBuildFile; fileRef = F9145879045D83EACCC5215B /* home.swift */; };
		95C543646745264DCB35AED2 /* CaptainAppUITestsLaunchTests.swift in Sources */ = {isa = PBXBuildFile; fileRef = 20C352C106A13E18AADE3669 /* CaptainAppUITestsLaunchTests.swift */; };
		9CF9FEAAAADBFB45B23FFE4E /* AppLocalizer.swift in Sources */ = {isa = PBXBuildFile; fileRef = 3A8854608309869D564F5CA6 /* AppLocalizer.swift */; };
		C09D6680BE2F9E0A80B86E36 /* AppColors.swift in Sources */ = {isa = PBXBuildFile; fileRef = C280847B903330FF5435040F /* AppColors.swift */; };
		C523C49229622FE547E6EF20 /* RideViewModel.swift in Sources */ = {isa = PBXBuildFile; fileRef = 6419DD8E950FCFE138C88BCB /* RideViewModel.swift */; };
		D52361124B6330024B912F45 /* profile.swift in Sources */ = {isa = PBXBuildFile; fileRef = 802BA4F0E3E414E39289D96F /* profile.swift */; };
		D6E97CE3DA7C04FAEF4D6A51 /* HomeViewModel.swift in Sources */ = {isa = PBXBuildFile; fileRef = A71DBFF768AE63A966B7FA97 /* HomeViewModel.swift */; };
		EA5731DC7FB04A51B75221FD /* localization.json in Resources */ = {isa = PBXBuildFile; fileRef = 29BC0FDEA7695877122BBA9C /* localization.json */; };
		FC9489AD0061A7F5481FC968 /* WebSocketService.swift in Sources */ = {isa = PBXBuildFile; fileRef = 90896140880AC10535305EFB /* WebSocketService.swift */; };
		FCA565869E8D5802FF3F17CA /* LoginScreen.swift in Sources */ = {isa = PBXBuildFile; fileRef = 46C515FAADC8C519E0ADACE6 /* LoginScreen.swift */; };
/* End PBXBuildFile section */

/* Begin PBXContainerItemProxy section */
		C59C5BAA362ED3A13E2F14CA /* PBXContainerItemProxy */ = {
			isa = PBXContainerItemProxy;
			containerPortal = FFD66BC73A1C7CA15D4B74C9 /* Project object */;
			proxyType = 1;
			remoteGlobalIDString = 218D379C022977820113C953;
			remoteInfo = CaptainApp;
		};
		FF15675648703B2E8174B2EB /* PBXContainerItemProxy */ = {
			isa = PBXContainerItemProxy;
			containerPortal = FFD66BC73A1C7CA15D4B74C9 /* Project object */;
			proxyType = 1;
			remoteGlobalIDString = 218D379C022977820113C953;
			remoteInfo = CaptainApp;
		};
/* End PBXContainerItemProxy section */

/* Begin PBXFileReference section */
		14CB3F76D346E0C1B2B786B0 /* api_constants.swift */ = {isa = PBXFileReference; lastKnownFileType = sourcecode.swift; path = api_constants.swift; sourceTree = "<group>"; };
		1DB100408B17FE8F5CF90A97 /* AuthViewModel.swift */ = {isa = PBXFileReference; lastKnownFileType = sourcecode.swift; path = AuthViewModel.swift; sourceTree = "<group>"; };
		20C352C106A13E18AADE3669 /* CaptainAppUITestsLaunchTests.swift */ = {isa = PBXFileReference; lastKnownFileType = sourcecode.swift; path = CaptainAppUITestsLaunchTests.swift; sourceTree = "<group>"; };
		28383ABEEF623538010C709E /* RideHistory.swift */ = {isa = PBXFileReference; lastKnownFileType = sourcecode.swift; path = RideHistory.swift; sourceTree = "<group>"; };
		29BC0FDEA7695877122BBA9C /* localization.json */ = {isa = PBXFileReference; lastKnownFileType = text.json; path = localization.json; sourceTree = "<group>"; };
		319484FDD4D6CA490BCEA156 /* CaptainAppUITests.xctest */ = {isa = PBXFileReference; includeInIndex = 0; lastKnownFileType = wrapper.cfbundle; path = CaptainAppUITests.xctest; sourceTree = BUILT_PRODUCTS_DIR; };
		3A8854608309869D564F5CA6 /* AppLocalizer.swift */ = {isa = PBXFileReference; lastKnownFileType = sourcecode.swift; path = AppLocalizer.swift; sourceTree = "<group>"; };
		45550FA22E690768CB63D623 /* AuthViewModel.swift */ = {isa = PBXFileReference; lastKnownFileType = sourcecode.swift; path = AuthViewModel.swift; sourceTree = "<group>"; };
		46C515FAADC8C519E0ADACE6 /* LoginScreen.swift */ = {isa = PBXFileReference; lastKnownFileType = sourcecode.swift; path = LoginScreen.swift; sourceTree = "<group>"; };
		4BC622FFCB303130A981B995 /* RegisterScreen.swift */ = {isa = PBXFileReference; lastKnownFileType = sourcecode.swift; path = RegisterScreen.swift; sourceTree = "<group>"; };
		6419DD8E950FCFE138C88BCB /* RideViewModel.swift */ = {isa = PBXFileReference; lastKnownFileType = sourcecode.swift; path = RideViewModel.swift; sourceTree = "<group>"; };
		802BA4F0E3E414E39289D96F /* profile.swift */ = {isa = PBXFileReference; lastKnownFileType = sourcecode.swift; path = profile.swift; sourceTree = "<group>"; };
		85BA0091E129129B215C752C /* CaptainAppUITests.swift */ = {isa = PBXFileReference; lastKnownFileType = sourcecode.swift; path = CaptainAppUITests.swift; sourceTree = "<group>"; };
		8706F97EE0525F63A91FBDD9 /* CaptainApp.app */ = {isa = PBXFileReference; includeInIndex = 0; lastKnownFileType = wrapper.application; path = CaptainApp.app; sourceTree = BUILT_PRODUCTS_DIR; };
		90896140880AC10535305EFB /* WebSocketService.swift */ = {isa = PBXFileReference; lastKnownFileType = sourcecode.swift; path = WebSocketService.swift; sourceTree = "<group>"; };
		A71DBFF768AE63A966B7FA97 /* HomeViewModel.swift */ = {isa = PBXFileReference; lastKnownFileType = sourcecode.swift; path = HomeViewModel.swift; sourceTree = "<group>"; };
		AD7BB077B28BCB6092D37B30 /* CaptainAppApp.swift */ = {isa = PBXFileReference; lastKnownFileType = sourcecode.swift; path = CaptainAppApp.swift; sourceTree = "<group>"; };
		AE7460AB504E94543865D908 /* AppLanguageSettings.swift */ = {isa = PBXFileReference; lastKnownFileType = sourcecode.swift; path = AppLanguageSettings.swift; sourceTree = "<group>"; };
		C280847B903330FF5435040F /* AppColors.swift */ = {isa = PBXFileReference; lastKnownFileType = sourcecode.swift; path = AppColors.swift; sourceTree = "<group>"; };
		C49B36BEC0B7B57369DF01B5 /* CaptainAppTests.xctest */ = {isa = PBXFileReference; includeInIndex = 0; lastKnownFileType = wrapper.cfbundle; path = CaptainAppTests.xctest; sourceTree = BUILT_PRODUCTS_DIR; };
		D24EDBF3FDF93768E72820D2 /* CaptainAppTests.swift */ = {isa = PBXFileReference; lastKnownFileType = sourcecode.swift; path = CaptainAppTests.swift; sourceTree = "<group>"; };
		DE06CFFF2C1DB754B4D5FB86 /* ContentView.swift */ = {isa = PBXFileReference; lastKnownFileType = sourcecode.swift; path = ContentView.swift; sourceTree = "<group>"; };
		EE6F4928AE52C85172C75BA3 /* HomeState.swift */ = {isa = PBXFileReference; lastKnownFileType = sourcecode.swift; path = HomeState.swift; sourceTree = "<group>"; };
		F9145879045D83EACCC5215B /* home.swift */ = {isa = PBXFileReference; lastKnownFileType = sourcecode.swift; path = home.swift; sourceTree = "<group>"; };
/* End PBXFileReference section */

/* Begin PBXGroup section */
		1423DEC360FBF06104AC051E /* pages */ = {
			isa = PBXGroup;
			children = (
				802BA4F0E3E414E39289D96F /* profile.swift */,
			);
			path = pages;
			sourceTree = "<group>";
		};
		1781DD855153E184C45B1F6F /* constants */ = {
			isa = PBXGroup;
			children = (
				14CB3F76D346E0C1B2B786B0 /* api_constants.swift */,
			);
			path = constants;
			sourceTree = "<group>";
		};
		2191942BC03A055EB3307CA7 /* Localization */ = {
			isa = PBXGroup;
			children = (
				AE7460AB504E94543865D908 /* AppLanguageSettings.swift */,
				3A8854608309869D564F5CA6 /* AppLocalizer.swift */,
				29BC0FDEA7695877122BBA9C /* localization.json */,
			);
			path = Localization;
			sourceTree = "<group>";
		};
		49A4371852EA38043E323845 /* Theme */ = {
			isa = PBXGroup;
			children = (
				C280847B903330FF5435040F /* AppColors.swift */,
			);
			path = Theme;
			sourceTree = "<group>";
		};
		5E4A9A77D524D4AC5395FA0E /* pages */ = {
			isa = PBXGroup;
			children = (
				45550FA22E690768CB63D623 /* AuthViewModel.swift */,
				46C515FAADC8C519E0ADACE6 /* LoginScreen.swift */,
				4BC622FFCB303130A981B995 /* RegisterScreen.swift */,
			);
			path = pages;
			sourceTree = "<group>";
		};
		6538D5C1AE0F9C132FBB5F89 = {
			isa = PBXGroup;
			children = (
				CCF215A73A95ED6FFC1036DF /* CaptainApp */,
				9152B76FCE8A371F8CB7373F /* CaptainAppTests */,
				947BC628895A35FDAF82A09F /* CaptainAppUITests */,
				7A6AC432B45BC951737A8658 /* Core */,
				EA67C8DDF5B02077500C4281 /* Features */,
				CEF8DDB584A12A7AD5C0D9F4 /* Products */,
			);
			sourceTree = "<group>";
		};
		75A63B5A3F8A23E501342090 /* auth */ = {
			isa = PBXGroup;
			children = (
				8B1F6203D9777EBDD7ABED2A /* presentation */,
			);
			path = auth;
			sourceTree = "<group>";
		};
		7A6AC432B45BC951737A8658 /* Core */ = {
			isa = PBXGroup;
			children = (
				1781DD855153E184C45B1F6F /* constants */,
				2191942BC03A055EB3307CA7 /* Localization */,
				49A4371852EA38043E323845 /* Theme */,
			);
			path = Core;
			sourceTree = "<group>";
		};
		8B1F6203D9777EBDD7ABED2A /* presentation */ = {
			isa = PBXGroup;
			children = (
				1DB100408B17FE8F5CF90A97 /* AuthViewModel.swift */,
				5E4A9A77D524D4AC5395FA0E /* pages */,
			);
			path = presentation;
			sourceTree = "<group>";
		};
		9152B76FCE8A371F8CB7373F /* CaptainAppTests */ = {
			isa = PBXGroup;
			children = (
				D24EDBF3FDF93768E72820D2 /* CaptainAppTests.swift */,
			);
			name = CaptainAppTests;
			path = ../CaptainAppTests;
			sourceTree = "<group>";
		};
		9159CFE67ADD2D624E41C637 /* services */ = {
			isa = PBXGroup;
			children = (
				90896140880AC10535305EFB /* WebSocketService.swift */,
			);
			path = services;
			sourceTree = "<group>";
		};
		93E450960A1CD3EC0594EA27 /* presentation */ = {
			isa = PBXGroup;
			children = (
				DF702AEEA550252B23300840 /* pages */,
			);
			path = presentation;
			sourceTree = "<group>";
		};
		947BC628895A35FDAF82A09F /* CaptainAppUITests */ = {
			isa = PBXGroup;
			children = (
				85BA0091E129129B215C752C /* CaptainAppUITests.swift */,
				20C352C106A13E18AADE3669 /* CaptainAppUITestsLaunchTests.swift */,
			);
			name = CaptainAppUITests;
			path = ../CaptainAppUITests;
			sourceTree = "<group>";
		};
		9BC936AD27FB42CD003BFEBF /* ride */ = {
			isa = PBXGroup;
			children = (
				93E450960A1CD3EC0594EA27 /* presentation */,
			);
			path = ride;
			sourceTree = "<group>";
		};
		A582344276B955C590957ECF /* profile */ = {
			isa = PBXGroup;
			children = (
				B23394A90564F39A92DC9EF3 /* presentation */,
			);
			path = profile;
			sourceTree = "<group>";
		};
		B17890568CE1CE7054BF554D /* pages */ = {
			isa = PBXGroup;
			children = (
				F9145879045D83EACCC5215B /* home.swift */,
				EE6F4928AE52C85172C75BA3 /* HomeState.swift */,
				A71DBFF768AE63A966B7FA97 /* HomeViewModel.swift */,
			);
			path = pages;
			sourceTree = "<group>";
		};
		B23394A90564F39A92DC9EF3 /* presentation */ = {
			isa = PBXGroup;
			children = (
				1423DEC360FBF06104AC051E /* pages */,
			);
			path = presentation;
			sourceTree = "<group>";
		};
		CCF215A73A95ED6FFC1036DF /* CaptainApp */ = {
			isa = PBXGroup;
			children = (
				AD7BB077B28BCB6092D37B30 /* CaptainAppApp.swift */,
				DE06CFFF2C1DB754B4D5FB86 /* ContentView.swift */,
				7A6AC432B45BC951737A8658 /* Core */,
				EA67C8DDF5B02077500C4281 /* Features */,
			);
			name = CaptainApp;
			path = .;
			sourceTree = "<group>";
		};
		CEF8DDB584A12A7AD5C0D9F4 /* Products */ = {
			isa = PBXGroup;
			children = (
				8706F97EE0525F63A91FBDD9 /* CaptainApp.app */,
				C49B36BEC0B7B57369DF01B5 /* CaptainAppTests.xctest */,
				319484FDD4D6CA490BCEA156 /* CaptainAppUITests.xctest */,
			);
			name = Products;
			sourceTree = "<group>";
		};
		D08DFFCE57150C0B5515E19F /* presentation */ = {
			isa = PBXGroup;
			children = (
				B17890568CE1CE7054BF554D /* pages */,
			);
			path = presentation;
			sourceTree = "<group>";
		};
		DF702AEEA550252B23300840 /* pages */ = {
			isa = PBXGroup;
			children = (
				28383ABEEF623538010C709E /* RideHistory.swift */,
				6419DD8E950FCFE138C88BCB /* RideViewModel.swift */,
			);
			path = pages;
			sourceTree = "<group>";
		};
		E480FFB26755F753242D599A /* home */ = {
			isa = PBXGroup;
			children = (
				D08DFFCE57150C0B5515E19F /* presentation */,
				9159CFE67ADD2D624E41C637 /* services */,
			);
			path = home;
			sourceTree = "<group>";
		};
		EA67C8DDF5B02077500C4281 /* Features */ = {
			isa = PBXGroup;
			children = (
				75A63B5A3F8A23E501342090 /* auth */,
				E480FFB26755F753242D599A /* home */,
				A582344276B955C590957ECF /* profile */,
				9BC936AD27FB42CD003BFEBF /* ride */,
			);
			path = Features;
			sourceTree = "<group>";
		};
/* End PBXGroup section */

/* Begin PBXNativeTarget section */
		218D379C022977820113C953 /* CaptainApp */ = {
			isa = PBXNativeTarget;
			buildConfigurationList = 0A6F68AD2D9E00CC65E47159 /* Build configuration list for PBXNativeTarget "CaptainApp" */;
			buildPhases = (
				A4017A3FF855C3D11A1292A8 /* Sources */,
				55C09B4A7CF04BF01291B307 /* Resources */,
			);
			buildRules = (
			);
			dependencies = (
			);
			name = CaptainApp;
			productName = CaptainApp;
			productReference = 8706F97EE0525F63A91FBDD9 /* CaptainApp.app */;
			productType = "com.apple.product-type.application";
		};
		B5D646A73E4E739868884B07 /* CaptainAppTests */ = {
			isa = PBXNativeTarget;
			buildConfigurationList = B296C42ED35C8883E2A0720F /* Build configuration list for PBXNativeTarget "CaptainAppTests" */;
			buildPhases = (
				AFF24CC9B87D46DD91633404 /* Sources */,
			);
			buildRules = (
			);
			dependencies = (
				4186580996766D00D04C1CA1 /* PBXTargetDependency */,
			);
			name = CaptainAppTests;
			productName = CaptainAppTests;
			productReference = C49B36BEC0B7B57369DF01B5 /* CaptainAppTests.xctest */;
			productType = "com.apple.product-type.bundle.unit-test";
		};
		F953770EC0BA5C9225377D1A /* CaptainAppUITests */ = {
			isa = PBXNativeTarget;
			buildConfigurationList = A90876FDF6D6210B268CE8FD /* Build configuration list for PBXNativeTarget "CaptainAppUITests" */;
			buildPhases = (
				0D74A3898A211508839A9DB5 /* Sources */,
			);
			buildRules = (
			);
			dependencies = (
				6ED07DDEFC10ECFF1655DA5F /* PBXTargetDependency */,
			);
			name = CaptainAppUITests;
			productName = CaptainAppUITests;
			productReference = 319484FDD4D6CA490BCEA156 /* CaptainAppUITests.xctest */;
			productType = "com.apple.product-type.bundle.ui-testing";
		};
/* End PBXNativeTarget section */

/* Begin PBXProject section */
		FFD66BC73A1C7CA15D4B74C9 /* Project object */ = {
			isa = PBXProject;
			attributes = {
				BuildIndependentTargetsInParallel = YES;
				LastUpgradeCheck = 1430;
				TargetAttributes = {
					F953770EC0BA5C9225377D1A = {
						TestTargetID = 218D379C022977820113C953;
					};
				};
			};
			buildConfigurationList = A18D43A1E9DF256F6661B38C /* Build configuration list for PBXProject "CaptainApp" */;
			compatibilityVersion = "Xcode 14.0";
			developmentRegion = en;
			hasScannedForEncodings = 0;
			knownRegions = (
				Base,
				en,
			);
			mainGroup = 6538D5C1AE0F9C132FBB5F89;
			projectDirPath = "";
			projectRoot = "";
			targets = (
				218D379C022977820113C953 /* CaptainApp */,
				B5D646A73E4E739868884B07 /* CaptainAppTests */,
				F953770EC0BA5C9225377D1A /* CaptainAppUITests */,
			);
		};
/* End PBXProject section */

/* Begin PBXResourcesBuildPhase section */
		55C09B4A7CF04BF01291B307 /* Resources */ = {
			isa = PBXResourcesBuildPhase;
			buildActionMask = 2147483647;
			files = (
				EA5731DC7FB04A51B75221FD /* localization.json in Resources */,
			);
			runOnlyForDeploymentPostprocessing = 0;
		};
/* End PBXResourcesBuildPhase section */

/* Begin PBXSourcesBuildPhase section */
		0D74A3898A211508839A9DB5 /* Sources */ = {
			isa = PBXSourcesBuildPhase;
			buildActionMask = 2147483647;
			files = (
				6F61F450E82A1E431A57BDC1 /* CaptainAppUITests.swift in Sources */,
				95C543646745264DCB35AED2 /* CaptainAppUITestsLaunchTests.swift in Sources */,
			);
			runOnlyForDeploymentPostprocessing = 0;
		};
		A4017A3FF855C3D11A1292A8 /* Sources */ = {
			isa = PBXSourcesBuildPhase;
			buildActionMask = 2147483647;
			files = (
				C09D6680BE2F9E0A80B86E36 /* AppColors.swift in Sources */,
				40CCA1C43012B8E162880374 /* AppLanguageSettings.swift in Sources */,
				9CF9FEAAAADBFB45B23FFE4E /* AppLocalizer.swift in Sources */,
				4622784B694F3DEC72C88101 /* AuthViewModel.swift in Sources */,
				867539E511DB6A0EFD1F98E7 /* AuthViewModel.swift in Sources */,
				408CC84717EEB0F364C507BB /* CaptainAppApp.swift in Sources */,
				6FA6936950B481EE2E42BB30 /* ContentView.swift in Sources */,
				1018A6DD0539CA137F9AACD0 /* HomeState.swift in Sources */,
				D6E97CE3DA7C04FAEF4D6A51 /* HomeViewModel.swift in Sources */,
				FCA565869E8D5802FF3F17CA /* LoginScreen.swift in Sources */,
				4B8DE48403BAECF7F168CC66 /* RegisterScreen.swift in Sources */,
				3362C24FA7CEFD94F53EDC6E /* RideHistory.swift in Sources */,
				C523C49229622FE547E6EF20 /* RideViewModel.swift in Sources */,
				FC9489AD0061A7F5481FC968 /* WebSocketService.swift in Sources */,
				42F02860E9FFCDC0B8356AE0 /* api_constants.swift in Sources */,
				899F9F30E96B8C07942201B5 /* home.swift in Sources */,
				D52361124B6330024B912F45 /* profile.swift in Sources */,
			);
			runOnlyForDeploymentPostprocessing = 0;
		};
		AFF24CC9B87D46DD91633404 /* Sources */ = {
			isa = PBXSourcesBuildPhase;
			buildActionMask = 2147483647;
			files = (
				0CF7260A48495BC0E4B1617F /* CaptainAppTests.swift in Sources */,
			);
			runOnlyForDeploymentPostprocessing = 0;
		};
/* End PBXSourcesBuildPhase section */

/* Begin PBXTargetDependency section */
		4186580996766D00D04C1CA1 /* PBXTargetDependency */ = {
			isa = PBXTargetDependency;
			target = 218D379C022977820113C953 /* CaptainApp */;
			targetProxy = C59C5BAA362ED3A13E2F14CA /* PBXContainerItemProxy */;
		};
		6ED07DDEFC10ECFF1655DA5F /* PBXTargetDependency */ = {
			isa = PBXTargetDependency;
			target = 218D379C022977820113C953 /* CaptainApp */;
			targetProxy = FF15675648703B2E8174B2EB /* PBXContainerItemProxy */;
		};
/* End PBXTargetDependency section */

/* Begin XCBuildConfiguration section */
		1B449CAC83E3C21B47577761 /* Debug */ = {
			isa = XCBuildConfiguration;
			buildSettings = {
				IPHONEOS_DEPLOYMENT_TARGET = 17.0;
				PRODUCT_BUNDLE_IDENTIFIER = com.example.CaptainApp;
			};
			name = Debug;
		};
		68D100FE43891720F53CCBC3 /* Debug */ = {
			isa = XCBuildConfiguration;
			buildSettings = {
				CURRENT_PROJECT_VERSION = 1;
				GENERATE_INFOPLIST_FILE = YES;
				MARKETING_VERSION = 1.0.0;
				PRODUCT_NAME = CaptainApp;
				SDKROOT = iphoneos;
				SWIFT_VERSION = 5.9;
			};
			name = Debug;
		};
		6B89F66BB6D09BCC7E431AD2 /* Release */ = {
			isa = XCBuildConfiguration;
			buildSettings = {
				PRODUCT_BUNDLE_IDENTIFIER = com.example.CaptainAppUITests;
				TEST_TARGET_NAME = CaptainApp;
			};
			name = Release;
		};
		88F5C4766CAB554B7A76A375 /* Release */ = {
			isa = XCBuildConfiguration;
			buildSettings = {
				CURRENT_PROJECT_VERSION = 1;
				GENERATE_INFOPLIST_FILE = YES;
				MARKETING_VERSION = 1.0.0;
				PRODUCT_NAME = CaptainApp;
				SDKROOT = iphoneos;
				SWIFT_VERSION = 5.9;
			};
			name = Release;
		};
		89E4499A27B8D65F95C6D46C /* Debug */ = {
			isa = XCBuildConfiguration;
			buildSettings = {
				PRODUCT_BUNDLE_IDENTIFIER = com.example.CaptainAppTests;
				TEST_HOST = "$(BUILT_PRODUCTS_DIR)/CaptainApp.app/CaptainApp";
			};
			name = Debug;
		};
		8B8EC728E5FADCB29CD07BF1 /* Debug */ = {
			isa = XCBuildConfiguration;
			buildSettings = {
				PRODUCT_BUNDLE_IDENTIFIER = com.example.CaptainAppUITests;
				TEST_TARGET_NAME = CaptainApp;
			};
			name = Debug;
		};
		956DC8C9E9DE9530B210DFE1 /* Release */ = {
			isa = XCBuildConfiguration;
			buildSettings = {
				IPHONEOS_DEPLOYMENT_TARGET = 17.0;
				PRODUCT_BUNDLE_IDENTIFIER = com.example.CaptainApp;
			};
			name = Release;
		};
		A3C6436CCD4EB3173CECDDD7 /* Release */ = {
			isa = XCBuildConfiguration;
			buildSettings = {
				PRODUCT_BUNDLE_IDENTIFIER = com.example.CaptainAppTests;
				TEST_HOST = "$(BUILT_PRODUCTS_DIR)/CaptainApp.app/CaptainApp";
			};
			name = Release;
		};
/* End XCBuildConfiguration section */

/* Begin XCConfigurationList section */
		0A6F68AD2D9E00CC65E47159 /* Build configuration list for PBXNativeTarget "CaptainApp" */ = {
			isa = XCConfigurationList;
			buildConfigurations = (
				1B449CAC83E3C21B47577761 /* Debug */,
				956DC8C9E9DE9530B210DFE1 /* Release */,
			);
			defaultConfigurationIsVisible = 0;
			defaultConfigurationName = Debug;
		};
		A18D43A1E9DF256F6661B38C /* Build configuration list for PBXProject "CaptainApp" */ = {
			isa = XCConfigurationList;
			buildConfigurations = (
				68D100FE43891720F53CCBC3 /* Debug */,
				88F5C4766CAB554B7A76A375 /* Release */,
			);
			defaultConfigurationIsVisible = 0;
			defaultConfigurationName = Debug;
		};
		A90876FDF6D6210B268CE8FD /* Build configuration list for PBXNativeTarget "CaptainAppUITests" */ = {
			isa = XCConfigurationList;
			buildConfigurations = (
				8B8EC728E5FADCB29CD07BF1 /* Debug */,
				6B89F66BB6D09BCC7E431AD2 /* Release */,
			);
			defaultConfigurationIsVisible = 0;
			defaultConfigurationName = Debug;
		};
		B296C42ED35C8883E2A0720F /* Build configuration list for PBXNativeTarget "CaptainAppTests" */ = {
			isa = XCConfigurationList;
			buildConfigurations = (
				89E4499A27B8D65F95C6D46C /* Debug */,
				A3C6436CCD4EB3173CECDDD7 /* Release */,
			);
			defaultConfigurationIsVisible = 0;
			defaultConfigurationName = Debug;
		};
/* End XCConfigurationList section */
	};
	rootObject = FFD66BC73A1C7CA15D4B74C9 /* Project object */;
}
